{
  "projects": [
    {
      "projectId": "gmeH6XgPaBtkt51HunAo4g",
      "version": "18.23.0",
      "dependencies": {},
      "lang": "ts",
      "fileLocks": [
        {
          "assetId": "gmeH6XgPaBtkt51HunAo4g",
          "type": "projectCss",
          "checksum": "1c02168c6b23256606111fdfdbb63549"
        }
      ],
      "codegenVersion": "0.0.1"
    },
    {
      "projectId": "7nJ7UcFmq9UzB6eXfC5z4a",
      "version": "0.34.0",
      "dependencies": {},
      "lang": "ts",
      "fileLocks": [
        {
          "assetId": "7nJ7UcFmq9UzB6eXfC5z4a",
          "type": "projectCss",
          "checksum": "01e8cee5b9ce00fbc93f494c2a40dbf1"
        }
      ],
      "codegenVersion": "0.0.1"
    },
    {
      "projectId": "hmmsNQTDh2WmVWyGT72Vwt",
      "version": "latest",
      "dependencies": {
        "7nJ7UcFmq9UzB6eXfC5z4a": "0.34.0",
        "gmeH6XgPaBtkt51HunAo4g": "18.23.0"
      },
      "lang": "ts",
      "fileLocks": [
        {
          "type": "globalVariant",
          "assetId": "CWaC735uCdNB",
          "checksum": "59e1c8633709525e25d66b12cda826d3"
        },
        {
          "type": "renderModule",
          "assetId": "m-tfYTlyEzw9",
          "checksum": "4c40243bfd0c5efca0aaf5e65746d191"
        },
        {
          "type": "cssRules",
          "assetId": "m-tfYTlyEzw9",
          "checksum": "4c40243bfd0c5efca0aaf5e65746d191"
        },
        {
          "type": "renderModule",
          "assetId": "sdG9nwqEDDzs",
          "checksum": "aa7d473bbf5112589b7c3d8609a036cc"
        },
        {
          "type": "cssRules",
          "assetId": "sdG9nwqEDDzs",
          "checksum": "aa7d473bbf5112589b7c3d8609a036cc"
        },
        {
          "type": "renderModule",
          "assetId": "2Jbv5qElPUR0",
          "checksum": "df05f0048fbccecd11f130287c604194"
        },
        {
          "type": "cssRules",
          "assetId": "2Jbv5qElPUR0",
          "checksum": "df05f0048fbccecd11f130287c604194"
        },
        {
          "type": "icon",
          "assetId": "V5DH_1eGrfcy",
          "checksum": "7700dacf45dfabb70a01228d4b6346f8"
        },
        {
          "type": "icon",
          "assetId": "AKaGQAyCrWJH",
          "checksum": "4ce0d6f7b24856f8318d36d80560a97b"
        },
        {
          "type": "icon",
          "assetId": "t2JYtRXCJ7iT",
          "checksum": "c104971743a196d4742eeb8bc1a7ee16"
        },
        {
          "type": "icon",
          "assetId": "D298fD6iZsCL",
          "checksum": "31b3b3a66e52707ae115819c665e7c5a"
        },
        {
          "type": "icon",
          "assetId": "W12o3wEq-MOv",
          "checksum": "9fb0699b3ad8c89fde4e996c7e3c4d97"
        },
        {
          "type": "icon",
          "assetId": "4tDk0wNdof5U",
          "checksum": "81bf300ab3d7a44a86535f698bb7ea3c"
        },
        {
          "type": "icon",
          "assetId": "TNECdj6-6pV_",
          "checksum": "c8e5c9563293d1febcec3b6ebc272c90"
        },
        {
          "type": "icon",
          "assetId": "r24k30lv7jAb",
          "checksum": "d53ab8d9b0872fb898df39bc0a94fe0c"
        },
        {
          "type": "icon",
          "assetId": "llqsAY7-X2IY",
          "checksum": "b5d5f4f36981f201c227ab5c8cbb1217"
        },
        {
          "type": "icon",
          "assetId": "Cd67Cc7uN3dm",
          "checksum": "b8ac47b6b773b65d6111d3ba9e49630f"
        },
        {
          "type": "icon",
          "assetId": "Ge9RiCJrHWkC",
          "checksum": "5df90866ec6a45b6cb32008df9ca532f"
        },
        {
          "type": "icon",
          "assetId": "nu_ngjKKV3Ej",
          "checksum": "d6e199a5add79d7b09f2ea44f26a85ab"
        },
        {
          "type": "icon",
          "assetId": "ZdLbGuhmL3OY",
          "checksum": "852809c866b766fd3d1fc8c995cc217d"
        },
        {
          "type": "image",
          "assetId": "RJ3i6JAQWYE2",
          "checksum": "3e6623aefe9e3b12d25638b15dd31926"
        },
        {
          "type": "image",
          "assetId": "mKLeS12uXksC",
          "checksum": "bb9f57180d798f15502b103f0e7e3d3d"
        },
        {
          "type": "image",
          "assetId": "h9HW8ORmyPTA",
          "checksum": "a15e605bb7d06ff6d13784efbf04354e"
        },
        {
          "type": "image",
          "assetId": "mQKnuCU4vbsy",
          "checksum": "efb950130a3da5c8fca3652802f82eb4"
        },
        {
          "type": "image",
          "assetId": "MKYFRg5fenOS",
          "checksum": "690c18e41c469731630022e4657cf9ae"
        },
        {
          "type": "image",
          "assetId": "DoohCkP0J_Cp",
          "checksum": "ae2c566135db2b612d3d54f5fcb7d983"
        },
        {
          "type": "image",
          "assetId": "b36ZdrC1tU1m",
          "checksum": "8056e751cca95632e9fab34300a2c964"
        },
        {
          "type": "image",
          "assetId": "sOwkZjBzR-4T",
          "checksum": "3dbde665c0b26010546f509b2b76fc87"
        },
        {
          "type": "image",
          "assetId": "bLYnQvABplUi",
          "checksum": "7f38d8881d5442681041c89343b3392a"
        },
        {
          "type": "image",
          "assetId": "fLaXyHgkndgE",
          "checksum": "eff9ddfaac7b21b6790469f435020ef6"
        },
        {
          "type": "image",
          "assetId": "mj1s39Ng_uSL",
          "checksum": "830689fbf04b88d29487754400a82644"
        },
        {
          "type": "image",
          "assetId": "LYjGTTOSdyl7",
          "checksum": "a9a9b33f595b2826ec28fc1fd2edddc2"
        },
        {
          "type": "image",
          "assetId": "AHL0O-1f7xkX",
          "checksum": "1c76b905ec3bca925c9ee46ef6c93987"
        },
        {
          "type": "image",
          "assetId": "7IQqN0mNRyB0",
          "checksum": "7607ec61fadbd97727b5e3b392167c4f"
        },
        {
          "type": "image",
          "assetId": "0BsHbxyy5_nh",
          "checksum": "8aa268494b327a67df917abb68107967"
        },
        {
          "type": "image",
          "assetId": "NP6uLuclcCOe",
          "checksum": "9abf02a277b64507d639ffbb0e6020c2"
        },
        {
          "type": "image",
          "assetId": "6bQvLNiDS2Nl",
          "checksum": "abba7bbb4dc4cdc164eda6d0bfc33f5a"
        },
        {
          "type": "image",
          "assetId": "1vInE0qdkFiQ",
          "checksum": "aa2c0cf822a0853744603c72c05058ef"
        },
        {
          "type": "image",
          "assetId": "EkUtR1yafUzb",
          "checksum": "b4e1c580449b785734466bfb9cdcd4e0"
        },
        {
          "type": "image",
          "assetId": "4a22Pa2oUR3T",
          "checksum": "46693fcb6cb8933345a7d3d2fa2d0124"
        },
        {
          "type": "image",
          "assetId": "XjGqLgcNfw8X",
          "checksum": "34eae795dcedeb6d2e274658465e6c31"
        },
        {
          "type": "image",
          "assetId": "MjZYL5kzII83",
          "checksum": "02aea4f02a1b22e708a196e590ce63af"
        },
        {
          "type": "image",
          "assetId": "JF3rZAEDbbbT",
          "checksum": "e753b85f8e6605745c716766afe784e1"
        },
        {
          "type": "image",
          "assetId": "Xr4sowS1LiOu",
          "checksum": "ad9ce8001503ba7eebf57bf3272be4c5"
        },
        {
          "type": "image",
          "assetId": "wnR55oT9S90b",
          "checksum": "78096c5742d098bec2f0be92ee7ca600"
        },
        {
          "type": "image",
          "assetId": "TZMUUbbxp8Xj",
          "checksum": "2d856cbe750273e0799e98b9fec46217"
        },
        {
          "type": "image",
          "assetId": "vs7kdUlSflWa",
          "checksum": "57a62f9fce3a99587ee5e2072fe0c69b"
        },
        {
          "type": "image",
          "assetId": "xwj5Bg4m08H1",
          "checksum": "587008de4a1f4ca9d35e41274efa5666"
        },
        {
          "type": "image",
          "assetId": "l0DCuL2Pj_wN",
          "checksum": "008d73e8c5448e10b6f67cd3d336198b"
        },
        {
          "type": "image",
          "assetId": "3F_X1ST0DpPk",
          "checksum": "5c2a65c845ccd608b93f0aae7856345f"
        },
        {
          "type": "image",
          "assetId": "pC6CNnJ4q7uN",
          "checksum": "22262d1157a9a07d9d71030221eae231"
        },
        {
          "type": "image",
          "assetId": "S5aaBZe8zpGV",
          "checksum": "c554be0b3af4314d4d121716ab3793fa"
        },
        {
          "type": "image",
          "assetId": "dcpuSqmFN6lC",
          "checksum": "9152eda0bc643e3731c9313a9af2b02c"
        },
        {
          "type": "image",
          "assetId": "rjIYYo8Ja13v",
          "checksum": "78dd69586faa3715efbbee10519aa81d"
        },
        {
          "type": "image",
          "assetId": "xRdWjgRrlxKh",
          "checksum": "f8b23b8f6d5882d9bb67abcffbe6337b"
        },
        {
          "type": "image",
          "assetId": "X-TTSqbUGoKV",
          "checksum": "63d0c42b3e64a382d65ab45514b3b8c9"
        },
        {
          "type": "image",
          "assetId": "Z8cFXB6VPUz5",
          "checksum": "c41e92ac28d689749af04c80cc7da882"
        },
        {
          "type": "image",
          "assetId": "Zlqk6ptzmv6R",
          "checksum": "91b73e26d304d269f7c2b536bc8df5e6"
        },
        {
          "type": "image",
          "assetId": "SvWzJByOS8oZ",
          "checksum": "96246b2c66c6b1dc3010d97182680005"
        },
        {
          "type": "image",
          "assetId": "fS29bJrfPhGv",
          "checksum": "428777c1a5662b04164a7e28f3fe3dd6"
        },
        {
          "type": "image",
          "assetId": "plUerOdcPEN_",
          "checksum": "de3ba802b3470f45e56625b3675898ac"
        },
        {
          "type": "image",
          "assetId": "CUS_Ozt3YEHR",
          "checksum": "8ba4e6e0301ddb151b21538cd29f0892"
        },
        {
          "type": "image",
          "assetId": "CHd6R76P1XTO",
          "checksum": "309cc19a6ce05b111dc01994d6fe26d2"
        },
        {
          "type": "image",
          "assetId": "tP7NIKG4Svs3",
          "checksum": "80ad24901ade9ee5f33c9ffee78c7a96"
        },
        {
          "type": "image",
          "assetId": "fO33huMq--Xn",
          "checksum": "ad397c67b52bf6ff83ee7dba7df86251"
        },
        {
          "type": "image",
          "assetId": "bWSd4soHYkXj",
          "checksum": "2bdc91927c3adf533fb500f811139426"
        },
        {
          "type": "image",
          "assetId": "V0mhl5vkHP6Y",
          "checksum": "bc0edf595ad42a6896ec4c982b591947"
        },
        {
          "type": "image",
          "assetId": "jN_Xo86t7Gu4",
          "checksum": "c7905b6e34a60ad944b7207e8d46d318"
        },
        {
          "type": "image",
          "assetId": "xoiY3odg7yO9",
          "checksum": "6c59a232be2a4955d0136b929f3c9add"
        },
        {
          "type": "image",
          "assetId": "I_jJ7S-LsfCH",
          "checksum": "392f7e2e3beb00721ee3d1761f012edc"
        },
        {
          "type": "image",
          "assetId": "--BRotFd9UsR",
          "checksum": "e10f954af1cc5433fabf689edc0925b8"
        },
        {
          "type": "image",
          "assetId": "8AD8sWi70RrJ",
          "checksum": "a4ade58a4eb7b676bec9619ca952f9b6"
        },
        {
          "type": "image",
          "assetId": "mJoklX5cuf4m",
          "checksum": "eb519018b9994b1c8061f2789b25e552"
        },
        {
          "type": "image",
          "assetId": "jkz46i5L8PSg",
          "checksum": "c4e0bdbe37a778f3ab3005c3f57cef1f"
        },
        {
          "type": "image",
          "assetId": "UTwX7oPO1XV3",
          "checksum": "4869558ca6c9890615e3a8ee677094f4"
        },
        {
          "type": "image",
          "assetId": "_2CBtUGgiMW1",
          "checksum": "a1dda5effdff4b405807148e0871a08d"
        },
        {
          "type": "image",
          "assetId": "zaVYtVPq1agx",
          "checksum": "e4c18d9aadc5ceab8bdbddcf30815b7a"
        },
        {
          "type": "image",
          "assetId": "GziXA29v86lF",
          "checksum": "b8a5dd684d2e1feb5b170e94fbe59ff8"
        },
        {
          "type": "image",
          "assetId": "zHRTooOG0HbB",
          "checksum": "0f35deb720d24d81ca7cb9749abdcf92"
        },
        {
          "type": "image",
          "assetId": "Lgl_ePjV6xJT",
          "checksum": "684a138bfa712883dae2c4ff69f04892"
        },
        {
          "type": "image",
          "assetId": "mBMkU4LrUoXe",
          "checksum": "f89058a49e1f4cd86aad6e8d361ebfc8"
        },
        {
          "type": "image",
          "assetId": "LXiWoEeW6w2Q",
          "checksum": "5fec27f0ba5a771fc1e6d4dbcabc5919"
        },
        {
          "type": "image",
          "assetId": "qtH97aDySCRA",
          "checksum": "da10cea049da06514894f6a8a2c5e1bf"
        },
        {
          "type": "image",
          "assetId": "hPcZV-248wxF",
          "checksum": "8bc35c2fc21a109f31ee772580e13941"
        },
        {
          "type": "image",
          "assetId": "xGj1WLmsnpzE",
          "checksum": "7dcc7822717be3f5b88bc9af4360ef47"
        },
        {
          "type": "image",
          "assetId": "cx_9tFh0KNFm",
          "checksum": "16d7a36110cff367a4d7d616d0ae24d7"
        },
        {
          "type": "image",
          "assetId": "B_LTKHKgJLPL",
          "checksum": "e196af89a5a84bd7800fb4c289bd22ae"
        },
        {
          "type": "image",
          "assetId": "XL6sMHljKpxB",
          "checksum": "039014d9b017e5ec1f6e758f6ba9fb68"
        },
        {
          "type": "image",
          "assetId": "HxT1Sjb8pbja",
          "checksum": "989214bd2a56ff8e80acd25063d8c35c"
        },
        {
          "assetId": "hmmsNQTDh2WmVWyGT72Vwt",
          "type": "projectCss",
          "checksum": "9f18563aacd226f0d36c6a892e5fe7f4"
        }
      ],
      "codegenVersion": "0.0.1"
    }
  ],
  "cliVersion": "0.1.340"
}
